
Microsoft Visual Studio Solution File, Format Version 12.00
# Visual Studio Version 16
VisualStudioVersion = 16.0.29201.188
MinimumVisualStudioVersion = 10.0.40219.1
Project("{9A19103F-16F7-4668-BE54-9A1E7A4F7556}") = "ModernDecompile", "src\ModernDecompile.csproj", "{36163942-6573-410B-B2CC-25B51C8FA474}"
EndProject
Project("{2150E333-8FDC-42A3-9474-1A3956D46DE8}") = "external", "external", "{FB76BCB4-E860-4892-BF37-A5601C938F7A}"
EndProject
Project("{FAE04EC0-301F-11D3-BF4B-00C04F79EFBC}") = "JustDecompiler", "external\JustDecompileEngine\Cecil.Decompiler\JustDecompiler.csproj", "{ED1BE103-1699-4116-A732-616BEB142EB2}"
EndProject
Project("{FAE04EC0-301F-11D3-BF4B-00C04F79EFBC}") = "Mono.Cecil", "external\JustDecompileEngine\Mono.Cecil\Mono.Cecil.csproj", "{D68133BD-1E63-496E-9EDE-4FBDBF77B486}"
EndProject
Project("{9A19103F-16F7-4668-BE54-9A1E7A4F7556}") = "Modern.Forms", "..\Modern.Forms\src\Modern.Forms\Modern.Forms.csproj", "{83B4F112-4443-430D-A961-D6955DF8C1E9}"
EndProject
Global
	GlobalSection(SolutionConfigurationPlatforms) = preSolution
		Debug|Any CPU = Debug|Any CPU
		Debug|x86 = Debug|x86
		Release|Any CPU = Release|Any CPU
		Release|x86 = Release|x86
	EndGlobalSection
	GlobalSection(ProjectConfigurationPlatforms) = postSolution
		{36163942-6573-410B-B2CC-25B51C8FA474}.Debug|Any CPU.ActiveCfg = Debug|Any CPU
		{36163942-6573-410B-B2CC-25B51C8FA474}.Debug|Any CPU.Build.0 = Debug|Any CPU
		{36163942-6573-410B-B2CC-25B51C8FA474}.Debug|x86.ActiveCfg = Debug|Any CPU
		{36163942-6573-410B-B2CC-25B51C8FA474}.Debug|x86.Build.0 = Debug|Any CPU
		{36163942-6573-410B-B2CC-25B51C8FA474}.Release|Any CPU.ActiveCfg = Release|Any CPU
		{36163942-6573-410B-B2CC-25B51C8FA474}.Release|Any CPU.Build.0 = Release|Any CPU
		{36163942-6573-410B-B2CC-25B51C8FA474}.Release|x86.ActiveCfg = Release|Any CPU
		{36163942-6573-410B-B2CC-25B51C8FA474}.Release|x86.Build.0 = Release|Any CPU
		{ED1BE103-1699-4116-A732-616BEB142EB2}.Debug|Any CPU.ActiveCfg = Debug|Any CPU
		{ED1BE103-1699-4116-A732-616BEB142EB2}.Debug|Any CPU.Build.0 = Debug|Any CPU
		{ED1BE103-1699-4116-A732-616BEB142EB2}.Debug|x86.ActiveCfg = Debug|Any CPU
		{ED1BE103-1699-4116-A732-616BEB142EB2}.Debug|x86.Build.0 = Debug|Any CPU
		{ED1BE103-1699-4116-A732-616BEB142EB2}.Release|Any CPU.ActiveCfg = Release|Any CPU
		{ED1BE103-1699-4116-A732-616BEB142EB2}.Release|Any CPU.Build.0 = Release|Any CPU
		{ED1BE103-1699-4116-A732-616BEB142EB2}.Release|x86.ActiveCfg = Release|Any CPU
		{ED1BE103-1699-4116-A732-616BEB142EB2}.Release|x86.Build.0 = Release|Any CPU
		{D68133BD-1E63-496E-9EDE-4FBDBF77B486}.Debug|Any CPU.ActiveCfg = Debug|Any CPU
		{D68133BD-1E63-496E-9EDE-4FBDBF77B486}.Debug|Any CPU.Build.0 = Debug|Any CPU
		{D68133BD-1E63-496E-9EDE-4FBDBF77B486}.Debug|x86.ActiveCfg = Debug|Any CPU
		{D68133BD-1E63-496E-9EDE-4FBDBF77B486}.Debug|x86.Build.0 = Debug|Any CPU
		{D68133BD-1E63-496E-9EDE-4FBDBF77B486}.Release|Any CPU.ActiveCfg = Release|Any CPU
		{D68133BD-1E63-496E-9EDE-4FBDBF77B486}.Release|Any CPU.Build.0 = Release|Any CPU
		{D68133BD-1E63-496E-9EDE-4FBDBF77B486}.Release|x86.ActiveCfg = Release|Any CPU
		{D68133BD-1E63-496E-9EDE-4FBDBF77B486}.Release|x86.Build.0 = Release|Any CPU
		{83B4F112-4443-430D-A961-D6955DF8C1E9}.Debug|Any CPU.ActiveCfg = Debug|Any CPU
		{83B4F112-4443-430D-A961-D6955DF8C1E9}.Debug|Any CPU.Build.0 = Debug|Any CPU
		{83B4F112-4443-430D-A961-D6955DF8C1E9}.Debug|x86.ActiveCfg = Debug|Any CPU
		{83B4F112-4443-430D-A961-D6955DF8C1E9}.Debug|x86.Build.0 = Debug|Any CPU
		{83B4F112-4443-430D-A961-D6955DF8C1E9}.Release|Any CPU.ActiveCfg = Release|Any CPU
		{83B4F112-4443-430D-A961-D6955DF8C1E9}.Release|Any CPU.Build.0 = Release|Any CPU
		{83B4F112-4443-430D-A961-D6955DF8C1E9}.Release|x86.ActiveCfg = Release|Any CPU
		{83B4F112-4443-430D-A961-D6955DF8C1E9}.Release|x86.Build.0 = Release|Any CPU
	EndGlobalSection
	GlobalSection(SolutionProperties) = preSolution
		HideSolutionNode = FALSE
	EndGlobalSection
	GlobalSection(NestedProjects) = preSolution
		{ED1BE103-1699-4116-A732-616BEB142EB2} = {FB76BCB4-E860-4892-BF37-A5601C938F7A}
		{D68133BD-1E63-496E-9EDE-4FBDBF77B486} = {FB76BCB4-E860-4892-BF37-A5601C938F7A}
		{83B4F112-4443-430D-A961-D6955DF8C1E9} = {FB76BCB4-E860-4892-BF37-A5601C938F7A}
	EndGlobalSection
	GlobalSection(ExtensibilityGlobals) = postSolution
		SolutionGuid = {A3455864-5624-4CFA-A5B0-4BC61FA648F4}
	EndGlobalSection
EndGlobal
