
Microsoft Visual Studio Solution File, Format Version 12.00
# Visual Studio Version 16
VisualStudioVersion = 16.0.29201.188
MinimumVisualStudioVersion = 10.0.40219.1
Project("{9A19103F-16F7-4668-BE54-9A1E7A4F7556}") = "ModernDecompile", "src\ModernDecompile.csproj", "{36163942-6573-410B-B2CC-25B51C8FA474}"
EndProject
Project("{2150E333-8FDC-42A3-9474-1A3956D46DE8}") = "external", "external", "{FB76BCB4-E860-4892-BF37-A5601C938F7A}"
EndProject
Project("{FAE04EC0-301F-11D3-BF4B-00C04F79EFBC}") = "JustDecompiler", "external\JustDecompileEngine\Cecil.Decompiler\JustDecompiler.csproj", "{ED1BE103-1699-4116-A732-616BEB142EB2}"
EndProject
Project("{FAE04EC0-301F-11D3-BF4B-00C04F79EFBC}") = "Mono.Cecil", "external\JustDecompileEngine\Mono.Cecil\Mono.Cecil.csproj", "{D68133BD-1E63-496E-9EDE-4FBDBF77B486}"
EndProject
Project("{FAE04EC0-301F-11D3-BF4B-00C04F79EFBC}") = "Mono.Cecil.Pdb", "external\JustDecompileEngine\Mono.Cecil\symbols\pdb\Mono.Cecil.Pdb.csproj", "{63E6915C-7EA4-4D76-AB28-0D7191EEA626}"
EndProject
Global
	GlobalSection(SolutionConfigurationPlatforms) = preSolution
		.NET 3.5 Debug|Any CPU = .NET 3.5 Debug|Any CPU
		.NET 3.5 Debug|x86 = .NET 3.5 Debug|x86
		Debug EngineOnly|Any CPU = Debug EngineOnly|Any CPU
		Debug EngineOnly|x86 = Debug EngineOnly|x86
		Debug JustAssembly|Any CPU = Debug JustAssembly|Any CPU
		Debug JustAssembly|x86 = Debug JustAssembly|x86
		Debug|Any CPU = Debug|Any CPU
		Debug|x86 = Debug|x86
		net_2_0_Debug|Any CPU = net_2_0_Debug|Any CPU
		net_2_0_Debug|x86 = net_2_0_Debug|x86
		net_2_0_Release|Any CPU = net_2_0_Release|Any CPU
		net_2_0_Release|x86 = net_2_0_Release|x86
		net_3_5_Debug|Any CPU = net_3_5_Debug|Any CPU
		net_3_5_Debug|x86 = net_3_5_Debug|x86
		net_3_5_Release|Any CPU = net_3_5_Release|Any CPU
		net_3_5_Release|x86 = net_3_5_Release|x86
		net_3_5_ReleaseServer|Any CPU = net_3_5_ReleaseServer|Any CPU
		net_3_5_ReleaseServer|x86 = net_3_5_ReleaseServer|x86
		net_4_0_Debug|Any CPU = net_4_0_Debug|Any CPU
		net_4_0_Debug|x86 = net_4_0_Debug|x86
		net_4_0_Release|Any CPU = net_4_0_Release|Any CPU
		net_4_0_Release|x86 = net_4_0_Release|x86
		net_4_5_Debug|Any CPU = net_4_5_Debug|Any CPU
		net_4_5_Debug|x86 = net_4_5_Debug|x86
		net_4_5_Release|Any CPU = net_4_5_Release|Any CPU
		net_4_5_Release|x86 = net_4_5_Release|x86
		NET3.5 Release Server EngineOnly|Any CPU = NET3.5 Release Server EngineOnly|Any CPU
		NET3.5 Release Server EngineOnly|x86 = NET3.5 Release Server EngineOnly|x86
		Release EngineOnly|Any CPU = Release EngineOnly|Any CPU
		Release EngineOnly|x86 = Release EngineOnly|x86
		Release JustAssembly|Any CPU = Release JustAssembly|Any CPU
		Release JustAssembly|x86 = Release JustAssembly|x86
		Release Server EngineOnly|Any CPU = Release Server EngineOnly|Any CPU
		Release Server EngineOnly|x86 = Release Server EngineOnly|x86
		Release Server JustAssembly|Any CPU = Release Server JustAssembly|Any CPU
		Release Server JustAssembly|x86 = Release Server JustAssembly|x86
		Release|Any CPU = Release|Any CPU
		Release|x86 = Release|x86
		silverlight_Debug|Any CPU = silverlight_Debug|Any CPU
		silverlight_Debug|x86 = silverlight_Debug|x86
		silverlight_Release|Any CPU = silverlight_Release|Any CPU
		silverlight_Release|x86 = silverlight_Release|x86
		winphone_Debug|Any CPU = winphone_Debug|Any CPU
		winphone_Debug|x86 = winphone_Debug|x86
		winphone_Release|Any CPU = winphone_Release|Any CPU
		winphone_Release|x86 = winphone_Release|x86
	EndGlobalSection
	GlobalSection(ProjectConfigurationPlatforms) = postSolution
		{36163942-6573-410B-B2CC-25B51C8FA474}..NET 3.5 Debug|Any CPU.ActiveCfg = Debug|Any CPU
		{36163942-6573-410B-B2CC-25B51C8FA474}..NET 3.5 Debug|Any CPU.Build.0 = Debug|Any CPU
		{36163942-6573-410B-B2CC-25B51C8FA474}..NET 3.5 Debug|x86.ActiveCfg = Debug|Any CPU
		{36163942-6573-410B-B2CC-25B51C8FA474}..NET 3.5 Debug|x86.Build.0 = Debug|Any CPU
		{36163942-6573-410B-B2CC-25B51C8FA474}.Debug EngineOnly|Any CPU.ActiveCfg = Debug|Any CPU
		{36163942-6573-410B-B2CC-25B51C8FA474}.Debug EngineOnly|Any CPU.Build.0 = Debug|Any CPU
		{36163942-6573-410B-B2CC-25B51C8FA474}.Debug EngineOnly|x86.ActiveCfg = Debug|Any CPU
		{36163942-6573-410B-B2CC-25B51C8FA474}.Debug EngineOnly|x86.Build.0 = Debug|Any CPU
		{36163942-6573-410B-B2CC-25B51C8FA474}.Debug JustAssembly|Any CPU.ActiveCfg = Debug|Any CPU
		{36163942-6573-410B-B2CC-25B51C8FA474}.Debug JustAssembly|Any CPU.Build.0 = Debug|Any CPU
		{36163942-6573-410B-B2CC-25B51C8FA474}.Debug JustAssembly|x86.ActiveCfg = Debug|Any CPU
		{36163942-6573-410B-B2CC-25B51C8FA474}.Debug JustAssembly|x86.Build.0 = Debug|Any CPU
		{36163942-6573-410B-B2CC-25B51C8FA474}.Debug|Any CPU.ActiveCfg = Debug|Any CPU
		{36163942-6573-410B-B2CC-25B51C8FA474}.Debug|Any CPU.Build.0 = Debug|Any CPU
		{36163942-6573-410B-B2CC-25B51C8FA474}.Debug|x86.ActiveCfg = Debug|Any CPU
		{36163942-6573-410B-B2CC-25B51C8FA474}.Debug|x86.Build.0 = Debug|Any CPU
		{36163942-6573-410B-B2CC-25B51C8FA474}.net_2_0_Debug|Any CPU.ActiveCfg = Debug|Any CPU
		{36163942-6573-410B-B2CC-25B51C8FA474}.net_2_0_Debug|Any CPU.Build.0 = Debug|Any CPU
		{36163942-6573-410B-B2CC-25B51C8FA474}.net_2_0_Debug|x86.ActiveCfg = Debug|Any CPU
		{36163942-6573-410B-B2CC-25B51C8FA474}.net_2_0_Debug|x86.Build.0 = Debug|Any CPU
		{36163942-6573-410B-B2CC-25B51C8FA474}.net_2_0_Release|Any CPU.ActiveCfg = Release|Any CPU
		{36163942-6573-410B-B2CC-25B51C8FA474}.net_2_0_Release|Any CPU.Build.0 = Release|Any CPU
		{36163942-6573-410B-B2CC-25B51C8FA474}.net_2_0_Release|x86.ActiveCfg = Release|Any CPU
		{36163942-6573-410B-B2CC-25B51C8FA474}.net_2_0_Release|x86.Build.0 = Release|Any CPU
		{36163942-6573-410B-B2CC-25B51C8FA474}.net_3_5_Debug|Any CPU.ActiveCfg = Debug|Any CPU
		{36163942-6573-410B-B2CC-25B51C8FA474}.net_3_5_Debug|Any CPU.Build.0 = Debug|Any CPU
		{36163942-6573-410B-B2CC-25B51C8FA474}.net_3_5_Debug|x86.ActiveCfg = Debug|Any CPU
		{36163942-6573-410B-B2CC-25B51C8FA474}.net_3_5_Debug|x86.Build.0 = Debug|Any CPU
		{36163942-6573-410B-B2CC-25B51C8FA474}.net_3_5_Release|Any CPU.ActiveCfg = Release|Any CPU
		{36163942-6573-410B-B2CC-25B51C8FA474}.net_3_5_Release|Any CPU.Build.0 = Release|Any CPU
		{36163942-6573-410B-B2CC-25B51C8FA474}.net_3_5_Release|x86.ActiveCfg = Release|Any CPU
		{36163942-6573-410B-B2CC-25B51C8FA474}.net_3_5_Release|x86.Build.0 = Release|Any CPU
		{36163942-6573-410B-B2CC-25B51C8FA474}.net_3_5_ReleaseServer|Any CPU.ActiveCfg = Release|Any CPU
		{36163942-6573-410B-B2CC-25B51C8FA474}.net_3_5_ReleaseServer|Any CPU.Build.0 = Release|Any CPU
		{36163942-6573-410B-B2CC-25B51C8FA474}.net_3_5_ReleaseServer|x86.ActiveCfg = Release|Any CPU
		{36163942-6573-410B-B2CC-25B51C8FA474}.net_3_5_ReleaseServer|x86.Build.0 = Release|Any CPU
		{36163942-6573-410B-B2CC-25B51C8FA474}.net_4_0_Debug|Any CPU.ActiveCfg = Debug|Any CPU
		{36163942-6573-410B-B2CC-25B51C8FA474}.net_4_0_Debug|Any CPU.Build.0 = Debug|Any CPU
		{36163942-6573-410B-B2CC-25B51C8FA474}.net_4_0_Debug|x86.ActiveCfg = Debug|Any CPU
		{36163942-6573-410B-B2CC-25B51C8FA474}.net_4_0_Debug|x86.Build.0 = Debug|Any CPU
		{36163942-6573-410B-B2CC-25B51C8FA474}.net_4_0_Release|Any CPU.ActiveCfg = Release|Any CPU
		{36163942-6573-410B-B2CC-25B51C8FA474}.net_4_0_Release|Any CPU.Build.0 = Release|Any CPU
		{36163942-6573-410B-B2CC-25B51C8FA474}.net_4_0_Release|x86.ActiveCfg = Release|Any CPU
		{36163942-6573-410B-B2CC-25B51C8FA474}.net_4_0_Release|x86.Build.0 = Release|Any CPU
		{36163942-6573-410B-B2CC-25B51C8FA474}.net_4_5_Debug|Any CPU.ActiveCfg = Debug|Any CPU
		{36163942-6573-410B-B2CC-25B51C8FA474}.net_4_5_Debug|Any CPU.Build.0 = Debug|Any CPU
		{36163942-6573-410B-B2CC-25B51C8FA474}.net_4_5_Debug|x86.ActiveCfg = Debug|Any CPU
		{36163942-6573-410B-B2CC-25B51C8FA474}.net_4_5_Debug|x86.Build.0 = Debug|Any CPU
		{36163942-6573-410B-B2CC-25B51C8FA474}.net_4_5_Release|Any CPU.ActiveCfg = Release|Any CPU
		{36163942-6573-410B-B2CC-25B51C8FA474}.net_4_5_Release|Any CPU.Build.0 = Release|Any CPU
		{36163942-6573-410B-B2CC-25B51C8FA474}.net_4_5_Release|x86.ActiveCfg = Release|Any CPU
		{36163942-6573-410B-B2CC-25B51C8FA474}.net_4_5_Release|x86.Build.0 = Release|Any CPU
		{36163942-6573-410B-B2CC-25B51C8FA474}.NET3.5 Release Server EngineOnly|Any CPU.ActiveCfg = Release|Any CPU
		{36163942-6573-410B-B2CC-25B51C8FA474}.NET3.5 Release Server EngineOnly|Any CPU.Build.0 = Release|Any CPU
		{36163942-6573-410B-B2CC-25B51C8FA474}.NET3.5 Release Server EngineOnly|x86.ActiveCfg = Release|Any CPU
		{36163942-6573-410B-B2CC-25B51C8FA474}.NET3.5 Release Server EngineOnly|x86.Build.0 = Release|Any CPU
		{36163942-6573-410B-B2CC-25B51C8FA474}.Release EngineOnly|Any CPU.ActiveCfg = Release|Any CPU
		{36163942-6573-410B-B2CC-25B51C8FA474}.Release EngineOnly|Any CPU.Build.0 = Release|Any CPU
		{36163942-6573-410B-B2CC-25B51C8FA474}.Release EngineOnly|x86.ActiveCfg = Release|Any CPU
		{36163942-6573-410B-B2CC-25B51C8FA474}.Release EngineOnly|x86.Build.0 = Release|Any CPU
		{36163942-6573-410B-B2CC-25B51C8FA474}.Release JustAssembly|Any CPU.ActiveCfg = Release|Any CPU
		{36163942-6573-410B-B2CC-25B51C8FA474}.Release JustAssembly|Any CPU.Build.0 = Release|Any CPU
		{36163942-6573-410B-B2CC-25B51C8FA474}.Release JustAssembly|x86.ActiveCfg = Release|Any CPU
		{36163942-6573-410B-B2CC-25B51C8FA474}.Release JustAssembly|x86.Build.0 = Release|Any CPU
		{36163942-6573-410B-B2CC-25B51C8FA474}.Release Server EngineOnly|Any CPU.ActiveCfg = Release|Any CPU
		{36163942-6573-410B-B2CC-25B51C8FA474}.Release Server EngineOnly|Any CPU.Build.0 = Release|Any CPU
		{36163942-6573-410B-B2CC-25B51C8FA474}.Release Server EngineOnly|x86.ActiveCfg = Release|Any CPU
		{36163942-6573-410B-B2CC-25B51C8FA474}.Release Server EngineOnly|x86.Build.0 = Release|Any CPU
		{36163942-6573-410B-B2CC-25B51C8FA474}.Release Server JustAssembly|Any CPU.ActiveCfg = Release|Any CPU
		{36163942-6573-410B-B2CC-25B51C8FA474}.Release Server JustAssembly|Any CPU.Build.0 = Release|Any CPU
		{36163942-6573-410B-B2CC-25B51C8FA474}.Release Server JustAssembly|x86.ActiveCfg = Release|Any CPU
		{36163942-6573-410B-B2CC-25B51C8FA474}.Release Server JustAssembly|x86.Build.0 = Release|Any CPU
		{36163942-6573-410B-B2CC-25B51C8FA474}.Release|Any CPU.ActiveCfg = Release|Any CPU
		{36163942-6573-410B-B2CC-25B51C8FA474}.Release|Any CPU.Build.0 = Release|Any CPU
		{36163942-6573-410B-B2CC-25B51C8FA474}.Release|x86.ActiveCfg = Release|Any CPU
		{36163942-6573-410B-B2CC-25B51C8FA474}.Release|x86.Build.0 = Release|Any CPU
		{36163942-6573-410B-B2CC-25B51C8FA474}.silverlight_Debug|Any CPU.ActiveCfg = Debug|Any CPU
		{36163942-6573-410B-B2CC-25B51C8FA474}.silverlight_Debug|Any CPU.Build.0 = Debug|Any CPU
		{36163942-6573-410B-B2CC-25B51C8FA474}.silverlight_Debug|x86.ActiveCfg = Debug|Any CPU
		{36163942-6573-410B-B2CC-25B51C8FA474}.silverlight_Debug|x86.Build.0 = Debug|Any CPU
		{36163942-6573-410B-B2CC-25B51C8FA474}.silverlight_Release|Any CPU.ActiveCfg = Release|Any CPU
		{36163942-6573-410B-B2CC-25B51C8FA474}.silverlight_Release|Any CPU.Build.0 = Release|Any CPU
		{36163942-6573-410B-B2CC-25B51C8FA474}.silverlight_Release|x86.ActiveCfg = Release|Any CPU
		{36163942-6573-410B-B2CC-25B51C8FA474}.silverlight_Release|x86.Build.0 = Release|Any CPU
		{36163942-6573-410B-B2CC-25B51C8FA474}.winphone_Debug|Any CPU.ActiveCfg = Debug|Any CPU
		{36163942-6573-410B-B2CC-25B51C8FA474}.winphone_Debug|Any CPU.Build.0 = Debug|Any CPU
		{36163942-6573-410B-B2CC-25B51C8FA474}.winphone_Debug|x86.ActiveCfg = Debug|Any CPU
		{36163942-6573-410B-B2CC-25B51C8FA474}.winphone_Debug|x86.Build.0 = Debug|Any CPU
		{36163942-6573-410B-B2CC-25B51C8FA474}.winphone_Release|Any CPU.ActiveCfg = Release|Any CPU
		{36163942-6573-410B-B2CC-25B51C8FA474}.winphone_Release|Any CPU.Build.0 = Release|Any CPU
		{36163942-6573-410B-B2CC-25B51C8FA474}.winphone_Release|x86.ActiveCfg = Release|Any CPU
		{36163942-6573-410B-B2CC-25B51C8FA474}.winphone_Release|x86.Build.0 = Release|Any CPU
		{ED1BE103-1699-4116-A732-616BEB142EB2}..NET 3.5 Debug|Any CPU.ActiveCfg = .NET 3.5 Debug|Any CPU
		{ED1BE103-1699-4116-A732-616BEB142EB2}..NET 3.5 Debug|Any CPU.Build.0 = .NET 3.5 Debug|Any CPU
		{ED1BE103-1699-4116-A732-616BEB142EB2}..NET 3.5 Debug|x86.ActiveCfg = .NET 3.5 Debug|Any CPU
		{ED1BE103-1699-4116-A732-616BEB142EB2}..NET 3.5 Debug|x86.Build.0 = .NET 3.5 Debug|Any CPU
		{ED1BE103-1699-4116-A732-616BEB142EB2}.Debug EngineOnly|Any CPU.ActiveCfg = Debug EngineOnly|Any CPU
		{ED1BE103-1699-4116-A732-616BEB142EB2}.Debug EngineOnly|Any CPU.Build.0 = Debug EngineOnly|Any CPU
		{ED1BE103-1699-4116-A732-616BEB142EB2}.Debug EngineOnly|x86.ActiveCfg = Debug EngineOnly|Any CPU
		{ED1BE103-1699-4116-A732-616BEB142EB2}.Debug EngineOnly|x86.Build.0 = Debug EngineOnly|Any CPU
		{ED1BE103-1699-4116-A732-616BEB142EB2}.Debug JustAssembly|Any CPU.ActiveCfg = Debug JustAssembly|Any CPU
		{ED1BE103-1699-4116-A732-616BEB142EB2}.Debug JustAssembly|Any CPU.Build.0 = Debug JustAssembly|Any CPU
		{ED1BE103-1699-4116-A732-616BEB142EB2}.Debug JustAssembly|x86.ActiveCfg = Debug JustAssembly|Any CPU
		{ED1BE103-1699-4116-A732-616BEB142EB2}.Debug JustAssembly|x86.Build.0 = Debug JustAssembly|Any CPU
		{ED1BE103-1699-4116-A732-616BEB142EB2}.Debug|Any CPU.ActiveCfg = Debug|Any CPU
		{ED1BE103-1699-4116-A732-616BEB142EB2}.Debug|Any CPU.Build.0 = Debug|Any CPU
		{ED1BE103-1699-4116-A732-616BEB142EB2}.Debug|x86.ActiveCfg = Debug|Any CPU
		{ED1BE103-1699-4116-A732-616BEB142EB2}.Debug|x86.Build.0 = Debug|Any CPU
		{ED1BE103-1699-4116-A732-616BEB142EB2}.net_2_0_Debug|Any CPU.ActiveCfg = Debug|Any CPU
		{ED1BE103-1699-4116-A732-616BEB142EB2}.net_2_0_Debug|Any CPU.Build.0 = Debug|Any CPU
		{ED1BE103-1699-4116-A732-616BEB142EB2}.net_2_0_Debug|x86.ActiveCfg = Debug|Any CPU
		{ED1BE103-1699-4116-A732-616BEB142EB2}.net_2_0_Debug|x86.Build.0 = Debug|Any CPU
		{ED1BE103-1699-4116-A732-616BEB142EB2}.net_2_0_Release|Any CPU.ActiveCfg = Release|Any CPU
		{ED1BE103-1699-4116-A732-616BEB142EB2}.net_2_0_Release|Any CPU.Build.0 = Release|Any CPU
		{ED1BE103-1699-4116-A732-616BEB142EB2}.net_2_0_Release|x86.ActiveCfg = Release|Any CPU
		{ED1BE103-1699-4116-A732-616BEB142EB2}.net_2_0_Release|x86.Build.0 = Release|Any CPU
		{ED1BE103-1699-4116-A732-616BEB142EB2}.net_3_5_Debug|Any CPU.ActiveCfg = Debug|Any CPU
		{ED1BE103-1699-4116-A732-616BEB142EB2}.net_3_5_Debug|Any CPU.Build.0 = Debug|Any CPU
		{ED1BE103-1699-4116-A732-616BEB142EB2}.net_3_5_Debug|x86.ActiveCfg = Debug|Any CPU
		{ED1BE103-1699-4116-A732-616BEB142EB2}.net_3_5_Debug|x86.Build.0 = Debug|Any CPU
		{ED1BE103-1699-4116-A732-616BEB142EB2}.net_3_5_Release|Any CPU.ActiveCfg = Release|Any CPU
		{ED1BE103-1699-4116-A732-616BEB142EB2}.net_3_5_Release|Any CPU.Build.0 = Release|Any CPU
		{ED1BE103-1699-4116-A732-616BEB142EB2}.net_3_5_Release|x86.ActiveCfg = Release|Any CPU
		{ED1BE103-1699-4116-A732-616BEB142EB2}.net_3_5_Release|x86.Build.0 = Release|Any CPU
		{ED1BE103-1699-4116-A732-616BEB142EB2}.net_3_5_ReleaseServer|Any CPU.ActiveCfg = Release|Any CPU
		{ED1BE103-1699-4116-A732-616BEB142EB2}.net_3_5_ReleaseServer|Any CPU.Build.0 = Release|Any CPU
		{ED1BE103-1699-4116-A732-616BEB142EB2}.net_3_5_ReleaseServer|x86.ActiveCfg = Release|Any CPU
		{ED1BE103-1699-4116-A732-616BEB142EB2}.net_3_5_ReleaseServer|x86.Build.0 = Release|Any CPU
		{ED1BE103-1699-4116-A732-616BEB142EB2}.net_4_0_Debug|Any CPU.ActiveCfg = Debug|Any CPU
		{ED1BE103-1699-4116-A732-616BEB142EB2}.net_4_0_Debug|Any CPU.Build.0 = Debug|Any CPU
		{ED1BE103-1699-4116-A732-616BEB142EB2}.net_4_0_Debug|x86.ActiveCfg = Debug|Any CPU
		{ED1BE103-1699-4116-A732-616BEB142EB2}.net_4_0_Debug|x86.Build.0 = Debug|Any CPU
		{ED1BE103-1699-4116-A732-616BEB142EB2}.net_4_0_Release|Any CPU.ActiveCfg = Release|Any CPU
		{ED1BE103-1699-4116-A732-616BEB142EB2}.net_4_0_Release|Any CPU.Build.0 = Release|Any CPU
		{ED1BE103-1699-4116-A732-616BEB142EB2}.net_4_0_Release|x86.ActiveCfg = Release|Any CPU
		{ED1BE103-1699-4116-A732-616BEB142EB2}.net_4_0_Release|x86.Build.0 = Release|Any CPU
		{ED1BE103-1699-4116-A732-616BEB142EB2}.net_4_5_Debug|Any CPU.ActiveCfg = Debug|Any CPU
		{ED1BE103-1699-4116-A732-616BEB142EB2}.net_4_5_Debug|Any CPU.Build.0 = Debug|Any CPU
		{ED1BE103-1699-4116-A732-616BEB142EB2}.net_4_5_Debug|x86.ActiveCfg = Debug|Any CPU
		{ED1BE103-1699-4116-A732-616BEB142EB2}.net_4_5_Debug|x86.Build.0 = Debug|Any CPU
		{ED1BE103-1699-4116-A732-616BEB142EB2}.net_4_5_Release|Any CPU.ActiveCfg = Release|Any CPU
		{ED1BE103-1699-4116-A732-616BEB142EB2}.net_4_5_Release|Any CPU.Build.0 = Release|Any CPU
		{ED1BE103-1699-4116-A732-616BEB142EB2}.net_4_5_Release|x86.ActiveCfg = Release|Any CPU
		{ED1BE103-1699-4116-A732-616BEB142EB2}.net_4_5_Release|x86.Build.0 = Release|Any CPU
		{ED1BE103-1699-4116-A732-616BEB142EB2}.NET3.5 Release Server EngineOnly|Any CPU.ActiveCfg = NET3.5 Release Server EngineOnly|Any CPU
		{ED1BE103-1699-4116-A732-616BEB142EB2}.NET3.5 Release Server EngineOnly|Any CPU.Build.0 = NET3.5 Release Server EngineOnly|Any CPU
		{ED1BE103-1699-4116-A732-616BEB142EB2}.NET3.5 Release Server EngineOnly|x86.ActiveCfg = NET3.5 Release Server EngineOnly|Any CPU
		{ED1BE103-1699-4116-A732-616BEB142EB2}.NET3.5 Release Server EngineOnly|x86.Build.0 = NET3.5 Release Server EngineOnly|Any CPU
		{ED1BE103-1699-4116-A732-616BEB142EB2}.Release EngineOnly|Any CPU.ActiveCfg = Release EngineOnly|Any CPU
		{ED1BE103-1699-4116-A732-616BEB142EB2}.Release EngineOnly|Any CPU.Build.0 = Release EngineOnly|Any CPU
		{ED1BE103-1699-4116-A732-616BEB142EB2}.Release EngineOnly|x86.ActiveCfg = Release EngineOnly|Any CPU
		{ED1BE103-1699-4116-A732-616BEB142EB2}.Release EngineOnly|x86.Build.0 = Release EngineOnly|Any CPU
		{ED1BE103-1699-4116-A732-616BEB142EB2}.Release JustAssembly|Any CPU.ActiveCfg = Release JustAssembly|Any CPU
		{ED1BE103-1699-4116-A732-616BEB142EB2}.Release JustAssembly|Any CPU.Build.0 = Release JustAssembly|Any CPU
		{ED1BE103-1699-4116-A732-616BEB142EB2}.Release JustAssembly|x86.ActiveCfg = Release JustAssembly|Any CPU
		{ED1BE103-1699-4116-A732-616BEB142EB2}.Release JustAssembly|x86.Build.0 = Release JustAssembly|Any CPU
		{ED1BE103-1699-4116-A732-616BEB142EB2}.Release Server EngineOnly|Any CPU.ActiveCfg = Release Server EngineOnly|Any CPU
		{ED1BE103-1699-4116-A732-616BEB142EB2}.Release Server EngineOnly|Any CPU.Build.0 = Release Server EngineOnly|Any CPU
		{ED1BE103-1699-4116-A732-616BEB142EB2}.Release Server EngineOnly|x86.ActiveCfg = Release Server EngineOnly|Any CPU
		{ED1BE103-1699-4116-A732-616BEB142EB2}.Release Server EngineOnly|x86.Build.0 = Release Server EngineOnly|Any CPU
		{ED1BE103-1699-4116-A732-616BEB142EB2}.Release Server JustAssembly|Any CPU.ActiveCfg = Release Server JustAssembly|Any CPU
		{ED1BE103-1699-4116-A732-616BEB142EB2}.Release Server JustAssembly|Any CPU.Build.0 = Release Server JustAssembly|Any CPU
		{ED1BE103-1699-4116-A732-616BEB142EB2}.Release Server JustAssembly|x86.ActiveCfg = Release Server JustAssembly|Any CPU
		{ED1BE103-1699-4116-A732-616BEB142EB2}.Release Server JustAssembly|x86.Build.0 = Release Server JustAssembly|Any CPU
		{ED1BE103-1699-4116-A732-616BEB142EB2}.Release|Any CPU.ActiveCfg = Release|Any CPU
		{ED1BE103-1699-4116-A732-616BEB142EB2}.Release|Any CPU.Build.0 = Release|Any CPU
		{ED1BE103-1699-4116-A732-616BEB142EB2}.Release|x86.ActiveCfg = Release|Any CPU
		{ED1BE103-1699-4116-A732-616BEB142EB2}.Release|x86.Build.0 = Release|Any CPU
		{ED1BE103-1699-4116-A732-616BEB142EB2}.silverlight_Debug|Any CPU.ActiveCfg = Debug|Any CPU
		{ED1BE103-1699-4116-A732-616BEB142EB2}.silverlight_Debug|Any CPU.Build.0 = Debug|Any CPU
		{ED1BE103-1699-4116-A732-616BEB142EB2}.silverlight_Debug|x86.ActiveCfg = Debug|Any CPU
		{ED1BE103-1699-4116-A732-616BEB142EB2}.silverlight_Debug|x86.Build.0 = Debug|Any CPU
		{ED1BE103-1699-4116-A732-616BEB142EB2}.silverlight_Release|Any CPU.ActiveCfg = Release|Any CPU
		{ED1BE103-1699-4116-A732-616BEB142EB2}.silverlight_Release|Any CPU.Build.0 = Release|Any CPU
		{ED1BE103-1699-4116-A732-616BEB142EB2}.silverlight_Release|x86.ActiveCfg = Release|Any CPU
		{ED1BE103-1699-4116-A732-616BEB142EB2}.silverlight_Release|x86.Build.0 = Release|Any CPU
		{ED1BE103-1699-4116-A732-616BEB142EB2}.winphone_Debug|Any CPU.ActiveCfg = Debug|Any CPU
		{ED1BE103-1699-4116-A732-616BEB142EB2}.winphone_Debug|Any CPU.Build.0 = Debug|Any CPU
		{ED1BE103-1699-4116-A732-616BEB142EB2}.winphone_Debug|x86.ActiveCfg = Debug|Any CPU
		{ED1BE103-1699-4116-A732-616BEB142EB2}.winphone_Debug|x86.Build.0 = Debug|Any CPU
		{ED1BE103-1699-4116-A732-616BEB142EB2}.winphone_Release|Any CPU.ActiveCfg = Release|Any CPU
		{ED1BE103-1699-4116-A732-616BEB142EB2}.winphone_Release|Any CPU.Build.0 = Release|Any CPU
		{ED1BE103-1699-4116-A732-616BEB142EB2}.winphone_Release|x86.ActiveCfg = Release|Any CPU
		{ED1BE103-1699-4116-A732-616BEB142EB2}.winphone_Release|x86.Build.0 = Release|Any CPU
		{D68133BD-1E63-496E-9EDE-4FBDBF77B486}..NET 3.5 Debug|Any CPU.ActiveCfg = net_3_5_ReleaseServer|Any CPU
		{D68133BD-1E63-496E-9EDE-4FBDBF77B486}..NET 3.5 Debug|Any CPU.Build.0 = net_3_5_ReleaseServer|Any CPU
		{D68133BD-1E63-496E-9EDE-4FBDBF77B486}..NET 3.5 Debug|x86.ActiveCfg = net_3_5_ReleaseServer|Any CPU
		{D68133BD-1E63-496E-9EDE-4FBDBF77B486}..NET 3.5 Debug|x86.Build.0 = net_3_5_ReleaseServer|Any CPU
		{D68133BD-1E63-496E-9EDE-4FBDBF77B486}.Debug EngineOnly|Any CPU.ActiveCfg = Debug EngineOnly|Any CPU
		{D68133BD-1E63-496E-9EDE-4FBDBF77B486}.Debug EngineOnly|Any CPU.Build.0 = Debug EngineOnly|Any CPU
		{D68133BD-1E63-496E-9EDE-4FBDBF77B486}.Debug EngineOnly|x86.ActiveCfg = Debug EngineOnly|Any CPU
		{D68133BD-1E63-496E-9EDE-4FBDBF77B486}.Debug EngineOnly|x86.Build.0 = Debug EngineOnly|Any CPU
		{D68133BD-1E63-496E-9EDE-4FBDBF77B486}.Debug JustAssembly|Any CPU.ActiveCfg = Debug JustAssembly|Any CPU
		{D68133BD-1E63-496E-9EDE-4FBDBF77B486}.Debug JustAssembly|Any CPU.Build.0 = Debug JustAssembly|Any CPU
		{D68133BD-1E63-496E-9EDE-4FBDBF77B486}.Debug JustAssembly|x86.ActiveCfg = Debug JustAssembly|Any CPU
		{D68133BD-1E63-496E-9EDE-4FBDBF77B486}.Debug JustAssembly|x86.Build.0 = Debug JustAssembly|Any CPU
		{D68133BD-1E63-496E-9EDE-4FBDBF77B486}.Debug|Any CPU.ActiveCfg = Debug JustAssembly|Any CPU
		{D68133BD-1E63-496E-9EDE-4FBDBF77B486}.Debug|Any CPU.Build.0 = Debug JustAssembly|Any CPU
		{D68133BD-1E63-496E-9EDE-4FBDBF77B486}.Debug|x86.ActiveCfg = Debug JustAssembly|Any CPU
		{D68133BD-1E63-496E-9EDE-4FBDBF77B486}.Debug|x86.Build.0 = Debug JustAssembly|Any CPU
		{D68133BD-1E63-496E-9EDE-4FBDBF77B486}.net_2_0_Debug|Any CPU.ActiveCfg = net_2_0_Debug|Any CPU
		{D68133BD-1E63-496E-9EDE-4FBDBF77B486}.net_2_0_Debug|Any CPU.Build.0 = net_2_0_Debug|Any CPU
		{D68133BD-1E63-496E-9EDE-4FBDBF77B486}.net_2_0_Debug|x86.ActiveCfg = net_2_0_Debug|Any CPU
		{D68133BD-1E63-496E-9EDE-4FBDBF77B486}.net_2_0_Debug|x86.Build.0 = net_2_0_Debug|Any CPU
		{D68133BD-1E63-496E-9EDE-4FBDBF77B486}.net_2_0_Release|Any CPU.ActiveCfg = net_2_0_Release|Any CPU
		{D68133BD-1E63-496E-9EDE-4FBDBF77B486}.net_2_0_Release|Any CPU.Build.0 = net_2_0_Release|Any CPU
		{D68133BD-1E63-496E-9EDE-4FBDBF77B486}.net_2_0_Release|x86.ActiveCfg = net_2_0_Release|Any CPU
		{D68133BD-1E63-496E-9EDE-4FBDBF77B486}.net_2_0_Release|x86.Build.0 = net_2_0_Release|Any CPU
		{D68133BD-1E63-496E-9EDE-4FBDBF77B486}.net_3_5_Debug|Any CPU.ActiveCfg = net_3_5_Debug|Any CPU
		{D68133BD-1E63-496E-9EDE-4FBDBF77B486}.net_3_5_Debug|Any CPU.Build.0 = net_3_5_Debug|Any CPU
		{D68133BD-1E63-496E-9EDE-4FBDBF77B486}.net_3_5_Debug|x86.ActiveCfg = net_3_5_Debug|Any CPU
		{D68133BD-1E63-496E-9EDE-4FBDBF77B486}.net_3_5_Debug|x86.Build.0 = net_3_5_Debug|Any CPU
		{D68133BD-1E63-496E-9EDE-4FBDBF77B486}.net_3_5_Release|Any CPU.ActiveCfg = net_3_5_Release|Any CPU
		{D68133BD-1E63-496E-9EDE-4FBDBF77B486}.net_3_5_Release|Any CPU.Build.0 = net_3_5_Release|Any CPU
		{D68133BD-1E63-496E-9EDE-4FBDBF77B486}.net_3_5_Release|x86.ActiveCfg = net_3_5_Release|Any CPU
		{D68133BD-1E63-496E-9EDE-4FBDBF77B486}.net_3_5_Release|x86.Build.0 = net_3_5_Release|Any CPU
		{D68133BD-1E63-496E-9EDE-4FBDBF77B486}.net_3_5_ReleaseServer|Any CPU.ActiveCfg = net_3_5_ReleaseServer|Any CPU
		{D68133BD-1E63-496E-9EDE-4FBDBF77B486}.net_3_5_ReleaseServer|Any CPU.Build.0 = net_3_5_ReleaseServer|Any CPU
		{D68133BD-1E63-496E-9EDE-4FBDBF77B486}.net_3_5_ReleaseServer|x86.ActiveCfg = net_3_5_ReleaseServer|Any CPU
		{D68133BD-1E63-496E-9EDE-4FBDBF77B486}.net_3_5_ReleaseServer|x86.Build.0 = net_3_5_ReleaseServer|Any CPU
		{D68133BD-1E63-496E-9EDE-4FBDBF77B486}.net_4_0_Debug|Any CPU.ActiveCfg = net_4_0_Debug|Any CPU
		{D68133BD-1E63-496E-9EDE-4FBDBF77B486}.net_4_0_Debug|Any CPU.Build.0 = net_4_0_Debug|Any CPU
		{D68133BD-1E63-496E-9EDE-4FBDBF77B486}.net_4_0_Debug|x86.ActiveCfg = net_4_0_Debug|Any CPU
		{D68133BD-1E63-496E-9EDE-4FBDBF77B486}.net_4_0_Debug|x86.Build.0 = net_4_0_Debug|Any CPU
		{D68133BD-1E63-496E-9EDE-4FBDBF77B486}.net_4_0_Release|Any CPU.ActiveCfg = net_4_0_Release|Any CPU
		{D68133BD-1E63-496E-9EDE-4FBDBF77B486}.net_4_0_Release|Any CPU.Build.0 = net_4_0_Release|Any CPU
		{D68133BD-1E63-496E-9EDE-4FBDBF77B486}.net_4_0_Release|x86.ActiveCfg = net_4_0_Release|Any CPU
		{D68133BD-1E63-496E-9EDE-4FBDBF77B486}.net_4_0_Release|x86.Build.0 = net_4_0_Release|Any CPU
		{D68133BD-1E63-496E-9EDE-4FBDBF77B486}.net_4_5_Debug|Any CPU.ActiveCfg = net_4_5_Debug|Any CPU
		{D68133BD-1E63-496E-9EDE-4FBDBF77B486}.net_4_5_Debug|Any CPU.Build.0 = net_4_5_Debug|Any CPU
		{D68133BD-1E63-496E-9EDE-4FBDBF77B486}.net_4_5_Debug|x86.ActiveCfg = net_4_5_Debug|Any CPU
		{D68133BD-1E63-496E-9EDE-4FBDBF77B486}.net_4_5_Debug|x86.Build.0 = net_4_5_Debug|Any CPU
		{D68133BD-1E63-496E-9EDE-4FBDBF77B486}.net_4_5_Release|Any CPU.ActiveCfg = net_4_5_Release|Any CPU
		{D68133BD-1E63-496E-9EDE-4FBDBF77B486}.net_4_5_Release|Any CPU.Build.0 = net_4_5_Release|Any CPU
		{D68133BD-1E63-496E-9EDE-4FBDBF77B486}.net_4_5_Release|x86.ActiveCfg = net_4_5_Release|Any CPU
		{D68133BD-1E63-496E-9EDE-4FBDBF77B486}.net_4_5_Release|x86.Build.0 = net_4_5_Release|Any CPU
		{D68133BD-1E63-496E-9EDE-4FBDBF77B486}.NET3.5 Release Server EngineOnly|Any CPU.ActiveCfg = net_3_5_ReleaseServer|Any CPU
		{D68133BD-1E63-496E-9EDE-4FBDBF77B486}.NET3.5 Release Server EngineOnly|Any CPU.Build.0 = net_3_5_ReleaseServer|Any CPU
		{D68133BD-1E63-496E-9EDE-4FBDBF77B486}.NET3.5 Release Server EngineOnly|x86.ActiveCfg = net_3_5_ReleaseServer|Any CPU
		{D68133BD-1E63-496E-9EDE-4FBDBF77B486}.NET3.5 Release Server EngineOnly|x86.Build.0 = net_3_5_ReleaseServer|Any CPU
		{D68133BD-1E63-496E-9EDE-4FBDBF77B486}.Release EngineOnly|Any CPU.ActiveCfg = Release EngineOnly|Any CPU
		{D68133BD-1E63-496E-9EDE-4FBDBF77B486}.Release EngineOnly|Any CPU.Build.0 = Release EngineOnly|Any CPU
		{D68133BD-1E63-496E-9EDE-4FBDBF77B486}.Release EngineOnly|x86.ActiveCfg = Release EngineOnly|Any CPU
		{D68133BD-1E63-496E-9EDE-4FBDBF77B486}.Release EngineOnly|x86.Build.0 = Release EngineOnly|Any CPU
		{D68133BD-1E63-496E-9EDE-4FBDBF77B486}.Release JustAssembly|Any CPU.ActiveCfg = Release JustAssembly|Any CPU
		{D68133BD-1E63-496E-9EDE-4FBDBF77B486}.Release JustAssembly|Any CPU.Build.0 = Release JustAssembly|Any CPU
		{D68133BD-1E63-496E-9EDE-4FBDBF77B486}.Release JustAssembly|x86.ActiveCfg = Release JustAssembly|Any CPU
		{D68133BD-1E63-496E-9EDE-4FBDBF77B486}.Release JustAssembly|x86.Build.0 = Release JustAssembly|Any CPU
		{D68133BD-1E63-496E-9EDE-4FBDBF77B486}.Release Server EngineOnly|Any CPU.ActiveCfg = Release Server JustAssembly|Any CPU
		{D68133BD-1E63-496E-9EDE-4FBDBF77B486}.Release Server EngineOnly|Any CPU.Build.0 = Release Server JustAssembly|Any CPU
		{D68133BD-1E63-496E-9EDE-4FBDBF77B486}.Release Server EngineOnly|x86.ActiveCfg = Release Server JustAssembly|Any CPU
		{D68133BD-1E63-496E-9EDE-4FBDBF77B486}.Release Server EngineOnly|x86.Build.0 = Release Server JustAssembly|Any CPU
		{D68133BD-1E63-496E-9EDE-4FBDBF77B486}.Release Server JustAssembly|Any CPU.ActiveCfg = Release Server JustAssembly|Any CPU
		{D68133BD-1E63-496E-9EDE-4FBDBF77B486}.Release Server JustAssembly|Any CPU.Build.0 = Release Server JustAssembly|Any CPU
		{D68133BD-1E63-496E-9EDE-4FBDBF77B486}.Release Server JustAssembly|x86.ActiveCfg = Release Server JustAssembly|Any CPU
		{D68133BD-1E63-496E-9EDE-4FBDBF77B486}.Release Server JustAssembly|x86.Build.0 = Release Server JustAssembly|Any CPU
		{D68133BD-1E63-496E-9EDE-4FBDBF77B486}.Release|Any CPU.ActiveCfg = net_3_5_ReleaseServer|Any CPU
		{D68133BD-1E63-496E-9EDE-4FBDBF77B486}.Release|Any CPU.Build.0 = net_3_5_ReleaseServer|Any CPU
		{D68133BD-1E63-496E-9EDE-4FBDBF77B486}.Release|x86.ActiveCfg = net_3_5_ReleaseServer|Any CPU
		{D68133BD-1E63-496E-9EDE-4FBDBF77B486}.Release|x86.Build.0 = net_3_5_ReleaseServer|Any CPU
		{D68133BD-1E63-496E-9EDE-4FBDBF77B486}.silverlight_Debug|Any CPU.ActiveCfg = silverlight_Debug|Any CPU
		{D68133BD-1E63-496E-9EDE-4FBDBF77B486}.silverlight_Debug|Any CPU.Build.0 = silverlight_Debug|Any CPU
		{D68133BD-1E63-496E-9EDE-4FBDBF77B486}.silverlight_Debug|x86.ActiveCfg = silverlight_Debug|Any CPU
		{D68133BD-1E63-496E-9EDE-4FBDBF77B486}.silverlight_Debug|x86.Build.0 = silverlight_Debug|Any CPU
		{D68133BD-1E63-496E-9EDE-4FBDBF77B486}.silverlight_Release|Any CPU.ActiveCfg = silverlight_Release|Any CPU
		{D68133BD-1E63-496E-9EDE-4FBDBF77B486}.silverlight_Release|Any CPU.Build.0 = silverlight_Release|Any CPU
		{D68133BD-1E63-496E-9EDE-4FBDBF77B486}.silverlight_Release|x86.ActiveCfg = silverlight_Release|Any CPU
		{D68133BD-1E63-496E-9EDE-4FBDBF77B486}.silverlight_Release|x86.Build.0 = silverlight_Release|Any CPU
		{D68133BD-1E63-496E-9EDE-4FBDBF77B486}.winphone_Debug|Any CPU.ActiveCfg = winphone_Debug|Any CPU
		{D68133BD-1E63-496E-9EDE-4FBDBF77B486}.winphone_Debug|Any CPU.Build.0 = winphone_Debug|Any CPU
		{D68133BD-1E63-496E-9EDE-4FBDBF77B486}.winphone_Debug|x86.ActiveCfg = winphone_Debug|Any CPU
		{D68133BD-1E63-496E-9EDE-4FBDBF77B486}.winphone_Debug|x86.Build.0 = winphone_Debug|Any CPU
		{D68133BD-1E63-496E-9EDE-4FBDBF77B486}.winphone_Release|Any CPU.ActiveCfg = winphone_Release|Any CPU
		{D68133BD-1E63-496E-9EDE-4FBDBF77B486}.winphone_Release|Any CPU.Build.0 = winphone_Release|Any CPU
		{D68133BD-1E63-496E-9EDE-4FBDBF77B486}.winphone_Release|x86.ActiveCfg = winphone_Release|Any CPU
		{D68133BD-1E63-496E-9EDE-4FBDBF77B486}.winphone_Release|x86.Build.0 = winphone_Release|Any CPU
		{63E6915C-7EA4-4D76-AB28-0D7191EEA626}..NET 3.5 Debug|Any CPU.ActiveCfg = net_3_5_ReleaseServer|Any CPU
		{63E6915C-7EA4-4D76-AB28-0D7191EEA626}..NET 3.5 Debug|Any CPU.Build.0 = net_3_5_ReleaseServer|Any CPU
		{63E6915C-7EA4-4D76-AB28-0D7191EEA626}..NET 3.5 Debug|x86.ActiveCfg = net_3_5_ReleaseServer|Any CPU
		{63E6915C-7EA4-4D76-AB28-0D7191EEA626}..NET 3.5 Debug|x86.Build.0 = net_3_5_ReleaseServer|Any CPU
		{63E6915C-7EA4-4D76-AB28-0D7191EEA626}.Debug EngineOnly|Any CPU.ActiveCfg = Debug EngineOnly|Any CPU
		{63E6915C-7EA4-4D76-AB28-0D7191EEA626}.Debug EngineOnly|Any CPU.Build.0 = Debug EngineOnly|Any CPU
		{63E6915C-7EA4-4D76-AB28-0D7191EEA626}.Debug EngineOnly|x86.ActiveCfg = Debug EngineOnly|Any CPU
		{63E6915C-7EA4-4D76-AB28-0D7191EEA626}.Debug EngineOnly|x86.Build.0 = Debug EngineOnly|Any CPU
		{63E6915C-7EA4-4D76-AB28-0D7191EEA626}.Debug JustAssembly|Any CPU.ActiveCfg = Debug JustAssembly|Any CPU
		{63E6915C-7EA4-4D76-AB28-0D7191EEA626}.Debug JustAssembly|Any CPU.Build.0 = Debug JustAssembly|Any CPU
		{63E6915C-7EA4-4D76-AB28-0D7191EEA626}.Debug JustAssembly|x86.ActiveCfg = Debug JustAssembly|Any CPU
		{63E6915C-7EA4-4D76-AB28-0D7191EEA626}.Debug JustAssembly|x86.Build.0 = Debug JustAssembly|Any CPU
		{63E6915C-7EA4-4D76-AB28-0D7191EEA626}.Debug|Any CPU.ActiveCfg = Debug JustAssembly|Any CPU
		{63E6915C-7EA4-4D76-AB28-0D7191EEA626}.Debug|Any CPU.Build.0 = Debug JustAssembly|Any CPU
		{63E6915C-7EA4-4D76-AB28-0D7191EEA626}.Debug|x86.ActiveCfg = Debug JustAssembly|Any CPU
		{63E6915C-7EA4-4D76-AB28-0D7191EEA626}.Debug|x86.Build.0 = Debug JustAssembly|Any CPU
		{63E6915C-7EA4-4D76-AB28-0D7191EEA626}.net_2_0_Debug|Any CPU.ActiveCfg = net_2_0_Debug|Any CPU
		{63E6915C-7EA4-4D76-AB28-0D7191EEA626}.net_2_0_Debug|Any CPU.Build.0 = net_2_0_Debug|Any CPU
		{63E6915C-7EA4-4D76-AB28-0D7191EEA626}.net_2_0_Debug|x86.ActiveCfg = net_2_0_Debug|Any CPU
		{63E6915C-7EA4-4D76-AB28-0D7191EEA626}.net_2_0_Debug|x86.Build.0 = net_2_0_Debug|Any CPU
		{63E6915C-7EA4-4D76-AB28-0D7191EEA626}.net_2_0_Release|Any CPU.ActiveCfg = net_2_0_Release|Any CPU
		{63E6915C-7EA4-4D76-AB28-0D7191EEA626}.net_2_0_Release|Any CPU.Build.0 = net_2_0_Release|Any CPU
		{63E6915C-7EA4-4D76-AB28-0D7191EEA626}.net_2_0_Release|x86.ActiveCfg = net_2_0_Release|Any CPU
		{63E6915C-7EA4-4D76-AB28-0D7191EEA626}.net_2_0_Release|x86.Build.0 = net_2_0_Release|Any CPU
		{63E6915C-7EA4-4D76-AB28-0D7191EEA626}.net_3_5_Debug|Any CPU.ActiveCfg = net_3_5_Debug|Any CPU
		{63E6915C-7EA4-4D76-AB28-0D7191EEA626}.net_3_5_Debug|Any CPU.Build.0 = net_3_5_Debug|Any CPU
		{63E6915C-7EA4-4D76-AB28-0D7191EEA626}.net_3_5_Debug|x86.ActiveCfg = net_3_5_Debug|Any CPU
		{63E6915C-7EA4-4D76-AB28-0D7191EEA626}.net_3_5_Debug|x86.Build.0 = net_3_5_Debug|Any CPU
		{63E6915C-7EA4-4D76-AB28-0D7191EEA626}.net_3_5_Release|Any CPU.ActiveCfg = net_3_5_Release|Any CPU
		{63E6915C-7EA4-4D76-AB28-0D7191EEA626}.net_3_5_Release|Any CPU.Build.0 = net_3_5_Release|Any CPU
		{63E6915C-7EA4-4D76-AB28-0D7191EEA626}.net_3_5_Release|x86.ActiveCfg = net_3_5_Release|Any CPU
		{63E6915C-7EA4-4D76-AB28-0D7191EEA626}.net_3_5_Release|x86.Build.0 = net_3_5_Release|Any CPU
		{63E6915C-7EA4-4D76-AB28-0D7191EEA626}.net_3_5_ReleaseServer|Any CPU.ActiveCfg = net_3_5_ReleaseServer|Any CPU
		{63E6915C-7EA4-4D76-AB28-0D7191EEA626}.net_3_5_ReleaseServer|Any CPU.Build.0 = net_3_5_ReleaseServer|Any CPU
		{63E6915C-7EA4-4D76-AB28-0D7191EEA626}.net_3_5_ReleaseServer|x86.ActiveCfg = net_3_5_ReleaseServer|Any CPU
		{63E6915C-7EA4-4D76-AB28-0D7191EEA626}.net_3_5_ReleaseServer|x86.Build.0 = net_3_5_ReleaseServer|Any CPU
		{63E6915C-7EA4-4D76-AB28-0D7191EEA626}.net_4_0_Debug|Any CPU.ActiveCfg = net_4_0_Debug|Any CPU
		{63E6915C-7EA4-4D76-AB28-0D7191EEA626}.net_4_0_Debug|Any CPU.Build.0 = net_4_0_Debug|Any CPU
		{63E6915C-7EA4-4D76-AB28-0D7191EEA626}.net_4_0_Debug|x86.ActiveCfg = net_4_0_Debug|Any CPU
		{63E6915C-7EA4-4D76-AB28-0D7191EEA626}.net_4_0_Debug|x86.Build.0 = net_4_0_Debug|Any CPU
		{63E6915C-7EA4-4D76-AB28-0D7191EEA626}.net_4_0_Release|Any CPU.ActiveCfg = net_4_0_Release|Any CPU
		{63E6915C-7EA4-4D76-AB28-0D7191EEA626}.net_4_0_Release|Any CPU.Build.0 = net_4_0_Release|Any CPU
		{63E6915C-7EA4-4D76-AB28-0D7191EEA626}.net_4_0_Release|x86.ActiveCfg = net_4_0_Release|Any CPU
		{63E6915C-7EA4-4D76-AB28-0D7191EEA626}.net_4_0_Release|x86.Build.0 = net_4_0_Release|Any CPU
		{63E6915C-7EA4-4D76-AB28-0D7191EEA626}.net_4_5_Debug|Any CPU.ActiveCfg = net_4_5_Debug|Any CPU
		{63E6915C-7EA4-4D76-AB28-0D7191EEA626}.net_4_5_Debug|Any CPU.Build.0 = net_4_5_Debug|Any CPU
		{63E6915C-7EA4-4D76-AB28-0D7191EEA626}.net_4_5_Debug|x86.ActiveCfg = net_4_5_Debug|Any CPU
		{63E6915C-7EA4-4D76-AB28-0D7191EEA626}.net_4_5_Debug|x86.Build.0 = net_4_5_Debug|Any CPU
		{63E6915C-7EA4-4D76-AB28-0D7191EEA626}.net_4_5_Release|Any CPU.ActiveCfg = net_4_5_Release|Any CPU
		{63E6915C-7EA4-4D76-AB28-0D7191EEA626}.net_4_5_Release|Any CPU.Build.0 = net_4_5_Release|Any CPU
		{63E6915C-7EA4-4D76-AB28-0D7191EEA626}.net_4_5_Release|x86.ActiveCfg = net_4_5_Release|Any CPU
		{63E6915C-7EA4-4D76-AB28-0D7191EEA626}.net_4_5_Release|x86.Build.0 = net_4_5_Release|Any CPU
		{63E6915C-7EA4-4D76-AB28-0D7191EEA626}.NET3.5 Release Server EngineOnly|Any CPU.ActiveCfg = net_3_5_ReleaseServer|Any CPU
		{63E6915C-7EA4-4D76-AB28-0D7191EEA626}.NET3.5 Release Server EngineOnly|Any CPU.Build.0 = net_3_5_ReleaseServer|Any CPU
		{63E6915C-7EA4-4D76-AB28-0D7191EEA626}.NET3.5 Release Server EngineOnly|x86.ActiveCfg = net_3_5_ReleaseServer|Any CPU
		{63E6915C-7EA4-4D76-AB28-0D7191EEA626}.NET3.5 Release Server EngineOnly|x86.Build.0 = net_3_5_ReleaseServer|Any CPU
		{63E6915C-7EA4-4D76-AB28-0D7191EEA626}.Release EngineOnly|Any CPU.ActiveCfg = Release EngineOnly|Any CPU
		{63E6915C-7EA4-4D76-AB28-0D7191EEA626}.Release EngineOnly|Any CPU.Build.0 = Release EngineOnly|Any CPU
		{63E6915C-7EA4-4D76-AB28-0D7191EEA626}.Release EngineOnly|x86.ActiveCfg = Release EngineOnly|Any CPU
		{63E6915C-7EA4-4D76-AB28-0D7191EEA626}.Release EngineOnly|x86.Build.0 = Release EngineOnly|Any CPU
		{63E6915C-7EA4-4D76-AB28-0D7191EEA626}.Release JustAssembly|Any CPU.ActiveCfg = Release JustAssembly|Any CPU
		{63E6915C-7EA4-4D76-AB28-0D7191EEA626}.Release JustAssembly|Any CPU.Build.0 = Release JustAssembly|Any CPU
		{63E6915C-7EA4-4D76-AB28-0D7191EEA626}.Release JustAssembly|x86.ActiveCfg = Release JustAssembly|Any CPU
		{63E6915C-7EA4-4D76-AB28-0D7191EEA626}.Release JustAssembly|x86.Build.0 = Release JustAssembly|Any CPU
		{63E6915C-7EA4-4D76-AB28-0D7191EEA626}.Release Server EngineOnly|Any CPU.ActiveCfg = Release Server JustAssembly|Any CPU
		{63E6915C-7EA4-4D76-AB28-0D7191EEA626}.Release Server EngineOnly|Any CPU.Build.0 = Release Server JustAssembly|Any CPU
		{63E6915C-7EA4-4D76-AB28-0D7191EEA626}.Release Server EngineOnly|x86.ActiveCfg = Release Server JustAssembly|Any CPU
		{63E6915C-7EA4-4D76-AB28-0D7191EEA626}.Release Server EngineOnly|x86.Build.0 = Release Server JustAssembly|Any CPU
		{63E6915C-7EA4-4D76-AB28-0D7191EEA626}.Release Server JustAssembly|Any CPU.ActiveCfg = Release Server JustAssembly|Any CPU
		{63E6915C-7EA4-4D76-AB28-0D7191EEA626}.Release Server JustAssembly|Any CPU.Build.0 = Release Server JustAssembly|Any CPU
		{63E6915C-7EA4-4D76-AB28-0D7191EEA626}.Release Server JustAssembly|x86.ActiveCfg = Release Server JustAssembly|Any CPU
		{63E6915C-7EA4-4D76-AB28-0D7191EEA626}.Release Server JustAssembly|x86.Build.0 = Release Server JustAssembly|Any CPU
		{63E6915C-7EA4-4D76-AB28-0D7191EEA626}.Release|Any CPU.ActiveCfg = net_3_5_ReleaseServer|Any CPU
		{63E6915C-7EA4-4D76-AB28-0D7191EEA626}.Release|Any CPU.Build.0 = net_3_5_ReleaseServer|Any CPU
		{63E6915C-7EA4-4D76-AB28-0D7191EEA626}.Release|x86.ActiveCfg = net_3_5_ReleaseServer|Any CPU
		{63E6915C-7EA4-4D76-AB28-0D7191EEA626}.Release|x86.Build.0 = net_3_5_ReleaseServer|Any CPU
		{63E6915C-7EA4-4D76-AB28-0D7191EEA626}.silverlight_Debug|Any CPU.ActiveCfg = silverlight_Debug|Any CPU
		{63E6915C-7EA4-4D76-AB28-0D7191EEA626}.silverlight_Debug|Any CPU.Build.0 = silverlight_Debug|Any CPU
		{63E6915C-7EA4-4D76-AB28-0D7191EEA626}.silverlight_Debug|x86.ActiveCfg = silverlight_Debug|Any CPU
		{63E6915C-7EA4-4D76-AB28-0D7191EEA626}.silverlight_Debug|x86.Build.0 = silverlight_Debug|Any CPU
		{63E6915C-7EA4-4D76-AB28-0D7191EEA626}.silverlight_Release|Any CPU.ActiveCfg = silverlight_Release|Any CPU
		{63E6915C-7EA4-4D76-AB28-0D7191EEA626}.silverlight_Release|Any CPU.Build.0 = silverlight_Release|Any CPU
		{63E6915C-7EA4-4D76-AB28-0D7191EEA626}.silverlight_Release|x86.ActiveCfg = silverlight_Release|Any CPU
		{63E6915C-7EA4-4D76-AB28-0D7191EEA626}.silverlight_Release|x86.Build.0 = silverlight_Release|Any CPU
		{63E6915C-7EA4-4D76-AB28-0D7191EEA626}.winphone_Debug|Any CPU.ActiveCfg = winphone_Debug|Any CPU
		{63E6915C-7EA4-4D76-AB28-0D7191EEA626}.winphone_Debug|Any CPU.Build.0 = winphone_Debug|Any CPU
		{63E6915C-7EA4-4D76-AB28-0D7191EEA626}.winphone_Debug|x86.ActiveCfg = winphone_Debug|Any CPU
		{63E6915C-7EA4-4D76-AB28-0D7191EEA626}.winphone_Debug|x86.Build.0 = winphone_Debug|Any CPU
		{63E6915C-7EA4-4D76-AB28-0D7191EEA626}.winphone_Release|Any CPU.ActiveCfg = winphone_Release|Any CPU
		{63E6915C-7EA4-4D76-AB28-0D7191EEA626}.winphone_Release|Any CPU.Build.0 = winphone_Release|Any CPU
		{63E6915C-7EA4-4D76-AB28-0D7191EEA626}.winphone_Release|x86.ActiveCfg = winphone_Release|Any CPU
		{63E6915C-7EA4-4D76-AB28-0D7191EEA626}.winphone_Release|x86.Build.0 = winphone_Release|Any CPU
	EndGlobalSection
	GlobalSection(SolutionProperties) = preSolution
		HideSolutionNode = FALSE
	EndGlobalSection
	GlobalSection(NestedProjects) = preSolution
		{ED1BE103-1699-4116-A732-616BEB142EB2} = {FB76BCB4-E860-4892-BF37-A5601C938F7A}
		{D68133BD-1E63-496E-9EDE-4FBDBF77B486} = {FB76BCB4-E860-4892-BF37-A5601C938F7A}
		{63E6915C-7EA4-4D76-AB28-0D7191EEA626} = {FB76BCB4-E860-4892-BF37-A5601C938F7A}
	EndGlobalSection
	GlobalSection(ExtensibilityGlobals) = postSolution
		SolutionGuid = {A3455864-5624-4CFA-A5B0-4BC61FA648F4}
	EndGlobalSection
EndGlobal
